
Microsoft Visual Studio Solution File, Format Version 12.00
# Visual Studio Version 16
VisualStudioVersion = 16.0.30523.141
MinimumVisualStudioVersion = 10.0.40219.1
Project("{9A19103F-16F7-4668-BE54-9A1E7A4F7556}") = "SharpDXCore", "SharpDXCore\SharpDXCore.csproj", "{11705374-C2DE-4EF9-8D01-4E29D52780AD}"
EndProject
Project("{FAE04EC0-301F-11D3-BF4B-00C04F79EFBC}") = "VorticeCore", "VorticeCore\VorticeCore.csproj", "{7CD16564-F602-4075-A96C-4C10BC0B1C10}"
EndProject
Global
	GlobalSection(SolutionConfigurationPlatforms) = preSolution
		Debug|Any CPU = Debug|Any CPU
		Release|Any CPU = Release|Any CPU
	EndGlobalSection
	GlobalSection(ProjectConfigurationPlatforms) = postSolution
		{11705374-C2DE-4EF9-8D01-4E29D52780AD}.Debug|Any CPU.ActiveCfg = Debug|Any CPU
		{11705374-C2DE-4EF9-8D01-4E29D52780AD}.Debug|Any CPU.Build.0 = Debug|Any CPU
		{11705374-C2DE-4EF9-8D01-4E29D52780AD}.Release|Any CPU.ActiveCfg = Release|Any CPU
		{11705374-C2DE-4EF9-8D01-4E29D52780AD}.Release|Any CPU.Build.0 = Release|Any CPU
		{7CD16564-F602-4075-A96C-4C10BC0B1C10}.Debug|Any CPU.ActiveCfg = Debug|Any CPU
		{7CD16564-F602-4075-A96C-4C10BC0B1C10}.Debug|Any CPU.Build.0 = Debug|Any CPU
		{7CD16564-F602-4075-A96C-4C10BC0B1C10}.Release|Any CPU.ActiveCfg = Release|Any CPU
		{7CD16564-F602-4075-A96C-4C10BC0B1C10}.Release|Any CPU.Build.0 = Release|Any CPU
	EndGlobalSection
	GlobalSection(SolutionProperties) = preSolution
		HideSolutionNode = FALSE
	EndGlobalSection
	GlobalSection(ExtensibilityGlobals) = postSolution
		SolutionGuid = {B74CD59A-8A27-4E39-8DEE-A73941D385F0}
	EndGlobalSection
EndGlobal
